
Microsoft Visual Studio Solution File, Format Version 12.00
# Visual Studio 15
VisualStudioVersion = 15.0.28307.489
MinimumVisualStudioVersion = 10.0.40219.1
Project("{2150E333-8FDC-42A3-9474-1A3956D46DE8}") = "Core", "Core", "{3BA29369-2E18-40A2-9854-F13B8EE6C414}"
EndProject
Project("{FAE04EC0-301F-11D3-BF4B-00C04F79EFBC}") = "Common", "Core\Common\Common.csproj", "{21B1E5CC-EAFA-4D5D-8E70-C635685147EA}"
EndProject
Project("{FAE04EC0-301F-11D3-BF4B-00C04F79EFBC}") = "Product.BLL", "Core\Product.BLL\Product.BLL.csproj", "{D1916D6D-12D0-414B-B523-18C25782400D}"
EndProject
Project("{FAE04EC0-301F-11D3-BF4B-00C04F79EFBC}") = "Product.BLL.Interface", "Core\Product.BLL.Interface\Product.BLL.Interface.csproj", "{293375E9-E8CB-49DB-BD09-8785F8F4C16F}"
EndProject
Project("{FAE04EC0-301F-11D3-BF4B-00C04F79EFBC}") = "Product.DAL", "Core\Product.DAL\Product.DAL.csproj", "{6723DD19-56E2-4462-BD46-BD8B835FE5F6}"
EndProject
Project("{FAE04EC0-301F-11D3-BF4B-00C04F79EFBC}") = "Product.DAL.Interface", "Core\Product.DAL.Interface\Product.DAL.Interface.csproj", "{5333B657-FF75-418A-9307-9B535DE80AF2}"
EndProject
Project("{FAE04EC0-301F-11D3-BF4B-00C04F79EFBC}") = "Product.PDL", "Core\Product.PDL\Product.PDL.csproj", "{DA7200E1-D169-4811-ACFD-7D41892DCCED}"
EndProject
Project("{FAE04EC0-301F-11D3-BF4B-00C04F79EFBC}") = "Product.PDL.Interface", "Core\Product.PDL.Interface\Product.PDL.Interface.csproj", "{3E2B6182-E031-4084-87AB-7B5BDB1EBCA6}"
EndProject
Project("{2150E333-8FDC-42A3-9474-1A3956D46DE8}") = "Libs", "Libs", "{555D4A2E-69EA-44EE-B4EB-CBD0978BAB97}"
EndProject
Project("{FAE04EC0-301F-11D3-BF4B-00C04F79EFBC}") = "Logger", "Libs\Logger\Logger.csproj", "{3FE7E683-5FFB-4011-85EB-CF3484591A75}"
EndProject
Project("{2150E333-8FDC-42A3-9474-1A3956D46DE8}") = "Views", "Views", "{B8498F8F-FE64-41E8-9F5C-2E7832AAEE4B}"
EndProject
Project("{FAE04EC0-301F-11D3-BF4B-00C04F79EFBC}") = "AspTest", "Views\AspTest\AspTest.csproj", "{393B7473-7641-41F4-B718-F1B9A4BDA177}"
EndProject
Project("{FAE04EC0-301F-11D3-BF4B-00C04F79EFBC}") = "AspTestMvc", "Views\AspTestMvc\AspTestMvc.csproj", "{1310275C-BAF1-4A64-9829-B067A8DCE4C7}"
EndProject
Project("{FAE04EC0-301F-11D3-BF4B-00C04F79EFBC}") = "AspTestWebForms", "AspTestWebForms\AspTestWebForms.csproj", "{DB1A8C5A-D102-44F1-B3A5-83C758DED696}"
EndProject
Global
	GlobalSection(SolutionConfigurationPlatforms) = preSolution
		Debug|Any CPU = Debug|Any CPU
		Release|Any CPU = Release|Any CPU
	EndGlobalSection
	GlobalSection(ProjectConfigurationPlatforms) = postSolution
		{21B1E5CC-EAFA-4D5D-8E70-C635685147EA}.Debug|Any CPU.ActiveCfg = Debug|Any CPU
		{21B1E5CC-EAFA-4D5D-8E70-C635685147EA}.Debug|Any CPU.Build.0 = Debug|Any CPU
		{21B1E5CC-EAFA-4D5D-8E70-C635685147EA}.Release|Any CPU.ActiveCfg = Release|Any CPU
		{21B1E5CC-EAFA-4D5D-8E70-C635685147EA}.Release|Any CPU.Build.0 = Release|Any CPU
		{D1916D6D-12D0-414B-B523-18C25782400D}.Debug|Any CPU.ActiveCfg = Debug|Any CPU
		{D1916D6D-12D0-414B-B523-18C25782400D}.Debug|Any CPU.Build.0 = Debug|Any CPU
		{D1916D6D-12D0-414B-B523-18C25782400D}.Release|Any CPU.ActiveCfg = Release|Any CPU
		{D1916D6D-12D0-414B-B523-18C25782400D}.Release|Any CPU.Build.0 = Release|Any CPU
		{293375E9-E8CB-49DB-BD09-8785F8F4C16F}.Debug|Any CPU.ActiveCfg = Debug|Any CPU
		{293375E9-E8CB-49DB-BD09-8785F8F4C16F}.Debug|Any CPU.Build.0 = Debug|Any CPU
		{293375E9-E8CB-49DB-BD09-8785F8F4C16F}.Release|Any CPU.ActiveCfg = Release|Any CPU
		{293375E9-E8CB-49DB-BD09-8785F8F4C16F}.Release|Any CPU.Build.0 = Release|Any CPU
		{6723DD19-56E2-4462-BD46-BD8B835FE5F6}.Debug|Any CPU.ActiveCfg = Debug|Any CPU
		{6723DD19-56E2-4462-BD46-BD8B835FE5F6}.Debug|Any CPU.Build.0 = Debug|Any CPU
		{6723DD19-56E2-4462-BD46-BD8B835FE5F6}.Release|Any CPU.ActiveCfg = Release|Any CPU
		{6723DD19-56E2-4462-BD46-BD8B835FE5F6}.Release|Any CPU.Build.0 = Release|Any CPU
		{5333B657-FF75-418A-9307-9B535DE80AF2}.Debug|Any CPU.ActiveCfg = Debug|Any CPU
		{5333B657-FF75-418A-9307-9B535DE80AF2}.Debug|Any CPU.Build.0 = Debug|Any CPU
		{5333B657-FF75-418A-9307-9B535DE80AF2}.Release|Any CPU.ActiveCfg = Release|Any CPU
		{5333B657-FF75-418A-9307-9B535DE80AF2}.Release|Any CPU.Build.0 = Release|Any CPU
		{DA7200E1-D169-4811-ACFD-7D41892DCCED}.Debug|Any CPU.ActiveCfg = Debug|Any CPU
		{DA7200E1-D169-4811-ACFD-7D41892DCCED}.Debug|Any CPU.Build.0 = Debug|Any CPU
		{DA7200E1-D169-4811-ACFD-7D41892DCCED}.Release|Any CPU.ActiveCfg = Release|Any CPU
		{DA7200E1-D169-4811-ACFD-7D41892DCCED}.Release|Any CPU.Build.0 = Release|Any CPU
		{3E2B6182-E031-4084-87AB-7B5BDB1EBCA6}.Debug|Any CPU.ActiveCfg = Debug|Any CPU
		{3E2B6182-E031-4084-87AB-7B5BDB1EBCA6}.Debug|Any CPU.Build.0 = Debug|Any CPU
		{3E2B6182-E031-4084-87AB-7B5BDB1EBCA6}.Release|Any CPU.ActiveCfg = Release|Any CPU
		{3E2B6182-E031-4084-87AB-7B5BDB1EBCA6}.Release|Any CPU.Build.0 = Release|Any CPU
		{3FE7E683-5FFB-4011-85EB-CF3484591A75}.Debug|Any CPU.ActiveCfg = Debug|Any CPU
		{3FE7E683-5FFB-4011-85EB-CF3484591A75}.Debug|Any CPU.Build.0 = Debug|Any CPU
		{3FE7E683-5FFB-4011-85EB-CF3484591A75}.Release|Any CPU.ActiveCfg = Release|Any CPU
		{3FE7E683-5FFB-4011-85EB-CF3484591A75}.Release|Any CPU.Build.0 = Release|Any CPU
		{393B7473-7641-41F4-B718-F1B9A4BDA177}.Debug|Any CPU.ActiveCfg = Debug|Any CPU
		{393B7473-7641-41F4-B718-F1B9A4BDA177}.Debug|Any CPU.Build.0 = Debug|Any CPU
		{393B7473-7641-41F4-B718-F1B9A4BDA177}.Release|Any CPU.ActiveCfg = Release|Any CPU
		{393B7473-7641-41F4-B718-F1B9A4BDA177}.Release|Any CPU.Build.0 = Release|Any CPU
		{1310275C-BAF1-4A64-9829-B067A8DCE4C7}.Debug|Any CPU.ActiveCfg = Debug|Any CPU
		{1310275C-BAF1-4A64-9829-B067A8DCE4C7}.Debug|Any CPU.Build.0 = Debug|Any CPU
		{1310275C-BAF1-4A64-9829-B067A8DCE4C7}.Release|Any CPU.ActiveCfg = Release|Any CPU
		{1310275C-BAF1-4A64-9829-B067A8DCE4C7}.Release|Any CPU.Build.0 = Release|Any CPU
		{DB1A8C5A-D102-44F1-B3A5-83C758DED696}.Debug|Any CPU.ActiveCfg = Debug|Any CPU
		{DB1A8C5A-D102-44F1-B3A5-83C758DED696}.Debug|Any CPU.Build.0 = Debug|Any CPU
		{DB1A8C5A-D102-44F1-B3A5-83C758DED696}.Release|Any CPU.ActiveCfg = Release|Any CPU
		{DB1A8C5A-D102-44F1-B3A5-83C758DED696}.Release|Any CPU.Build.0 = Release|Any CPU
	EndGlobalSection
	GlobalSection(SolutionProperties) = preSolution
		HideSolutionNode = FALSE
	EndGlobalSection
	GlobalSection(NestedProjects) = preSolution
		{21B1E5CC-EAFA-4D5D-8E70-C635685147EA} = {3BA29369-2E18-40A2-9854-F13B8EE6C414}
		{D1916D6D-12D0-414B-B523-18C25782400D} = {3BA29369-2E18-40A2-9854-F13B8EE6C414}
		{293375E9-E8CB-49DB-BD09-8785F8F4C16F} = {3BA29369-2E18-40A2-9854-F13B8EE6C414}
		{6723DD19-56E2-4462-BD46-BD8B835FE5F6} = {3BA29369-2E18-40A2-9854-F13B8EE6C414}
		{5333B657-FF75-418A-9307-9B535DE80AF2} = {3BA29369-2E18-40A2-9854-F13B8EE6C414}
		{DA7200E1-D169-4811-ACFD-7D41892DCCED} = {3BA29369-2E18-40A2-9854-F13B8EE6C414}
		{3E2B6182-E031-4084-87AB-7B5BDB1EBCA6} = {3BA29369-2E18-40A2-9854-F13B8EE6C414}
		{3FE7E683-5FFB-4011-85EB-CF3484591A75} = {555D4A2E-69EA-44EE-B4EB-CBD0978BAB97}
		{393B7473-7641-41F4-B718-F1B9A4BDA177} = {B8498F8F-FE64-41E8-9F5C-2E7832AAEE4B}
		{1310275C-BAF1-4A64-9829-B067A8DCE4C7} = {B8498F8F-FE64-41E8-9F5C-2E7832AAEE4B}
		{DB1A8C5A-D102-44F1-B3A5-83C758DED696} = {B8498F8F-FE64-41E8-9F5C-2E7832AAEE4B}
	EndGlobalSection
	GlobalSection(ExtensibilityGlobals) = postSolution
		SolutionGuid = {A576F364-01DC-4450-84CD-35D071463423}
	EndGlobalSection
EndGlobal
